
Microsoft Visual Studio Solution File, Format Version 12.00
# Visual Studio Version 17
VisualStudioVersion = 17.4.33205.214
MinimumVisualStudioVersion = 10.0.40219.1
Project("{FAE04EC0-301F-11D3-BF4B-00C04F79EFBC}") = "UserBlogSite", "BlogSiteApplication\UserBlogSite.csproj", "{9024C2A0-6261-4A73-B16E-8A06CC548CC0}"
EndProject
Global
	GlobalSection(SolutionConfigurationPlatforms) = preSolution
		Debug|Any CPU = Debug|Any CPU
		Release|Any CPU = Release|Any CPU
	EndGlobalSection
	GlobalSection(ProjectConfigurationPlatforms) = postSolution
		{9024C2A0-6261-4A73-B16E-8A06CC548CC0}.Debug|Any CPU.ActiveCfg = Debug|Any CPU
		{9024C2A0-6261-4A73-B16E-8A06CC548CC0}.Debug|Any CPU.Build.0 = Debug|Any CPU
		{9024C2A0-6261-4A73-B16E-8A06CC548CC0}.Release|Any CPU.ActiveCfg = Release|Any CPU
		{9024C2A0-6261-4A73-B16E-8A06CC548CC0}.Release|Any CPU.Build.0 = Release|Any CPU
	EndGlobalSection
	GlobalSection(SolutionProperties) = preSolution
		HideSolutionNode = FALSE
	EndGlobalSection
	GlobalSection(ExtensibilityGlobals) = postSolution
		SolutionGuid = {C9888789-8749-4FDF-9E22-A32573670CBD}
	EndGlobalSection
EndGlobal
